
Microsoft Visual Studio Solution File, Format Version 12.00
# Visual Studio Version 16
VisualStudioVersion = 16.0.30611.23
MinimumVisualStudioVersion = 10.0.40219.1
Project("{FAE04EC0-301F-11D3-BF4B-00C04F79EFBC}") = "SimpleHotel", "SimpleHotel\SimpleHotel.csproj", "{373D5A29-1BDE-4C4E-ACA3-EF8E766B451E}"
EndProject
Global
	GlobalSection(SolutionConfigurationPlatforms) = preSolution
		Debug|ARM = Debug|ARM
		Debug|ARM64 = Debug|ARM64
		Debug|x64 = Debug|x64
		Debug|x86 = Debug|x86
		Release|ARM = Release|ARM
		Release|ARM64 = Release|ARM64
		Release|x64 = Release|x64
		Release|x86 = Release|x86
	EndGlobalSection
	GlobalSection(ProjectConfigurationPlatforms) = postSolution
		{373D5A29-1BDE-4C4E-ACA3-EF8E766B451E}.Debug|ARM.ActiveCfg = Debug|ARM
		{373D5A29-1BDE-4C4E-ACA3-EF8E766B451E}.Debug|ARM.Build.0 = Debug|ARM
		{373D5A29-1BDE-4C4E-ACA3-EF8E766B451E}.Debug|ARM.Deploy.0 = Debug|ARM
		{373D5A29-1BDE-4C4E-ACA3-EF8E766B451E}.Debug|ARM64.ActiveCfg = Debug|ARM64
		{373D5A29-1BDE-4C4E-ACA3-EF8E766B451E}.Debug|ARM64.Build.0 = Debug|ARM64
		{373D5A29-1BDE-4C4E-ACA3-EF8E766B451E}.Debug|ARM64.Deploy.0 = Debug|ARM64
		{373D5A29-1BDE-4C4E-ACA3-EF8E766B451E}.Debug|x64.ActiveCfg = Debug|x64
		{373D5A29-1BDE-4C4E-ACA3-EF8E766B451E}.Debug|x64.Build.0 = Debug|x64
		{373D5A29-1BDE-4C4E-ACA3-EF8E766B451E}.Debug|x64.Deploy.0 = Debug|x64
		{373D5A29-1BDE-4C4E-ACA3-EF8E766B451E}.Debug|x86.ActiveCfg = Debug|x86
		{373D5A29-1BDE-4C4E-ACA3-EF8E766B451E}.Debug|x86.Build.0 = Debug|x86
		{373D5A29-1BDE-4C4E-ACA3-EF8E766B451E}.Debug|x86.Deploy.0 = Debug|x86
		{373D5A29-1BDE-4C4E-ACA3-EF8E766B451E}.Release|ARM.ActiveCfg = Release|ARM
		{373D5A29-1BDE-4C4E-ACA3-EF8E766B451E}.Release|ARM.Build.0 = Release|ARM
		{373D5A29-1BDE-4C4E-ACA3-EF8E766B451E}.Release|ARM.Deploy.0 = Release|ARM
		{373D5A29-1BDE-4C4E-ACA3-EF8E766B451E}.Release|ARM64.ActiveCfg = Release|ARM64
		{373D5A29-1BDE-4C4E-ACA3-EF8E766B451E}.Release|ARM64.Build.0 = Release|ARM64
		{373D5A29-1BDE-4C4E-ACA3-EF8E766B451E}.Release|ARM64.Deploy.0 = Release|ARM64
		{373D5A29-1BDE-4C4E-ACA3-EF8E766B451E}.Release|x64.ActiveCfg = Release|x64
		{373D5A29-1BDE-4C4E-ACA3-EF8E766B451E}.Release|x64.Build.0 = Release|x64
		{373D5A29-1BDE-4C4E-ACA3-EF8E766B451E}.Release|x64.Deploy.0 = Release|x64
		{373D5A29-1BDE-4C4E-ACA3-EF8E766B451E}.Release|x86.ActiveCfg = Release|x86
		{373D5A29-1BDE-4C4E-ACA3-EF8E766B451E}.Release|x86.Build.0 = Release|x86
		{373D5A29-1BDE-4C4E-ACA3-EF8E766B451E}.Release|x86.Deploy.0 = Release|x86
	EndGlobalSection
	GlobalSection(SolutionProperties) = preSolution
		HideSolutionNode = FALSE
	EndGlobalSection
	GlobalSection(ExtensibilityGlobals) = postSolution
		SolutionGuid = {F2D87FC2-6938-42D0-8766-DEB8F6C36902}
	EndGlobalSection
EndGlobal
